# This file is generated by running "yarn install" inside your project.
# Manual changes might be lost - proceed with caution!

__metadata:
  version: 6
  cacheKey: 8

"ajv@npm:^6.5.5":
  version: 6.12.6
  resolution: "ajv@npm:6.12.6"
  dependencies:
    fast-deep-equal: "npm:^3.1.1"
    fast-json-stable-stringify: "npm:^2.0.0"
    json-schema-traverse: "npm:^0.4.1"
    uri-js: "npm:^4.2.2"
  checksum: 874972efe5c4202ab0a68379481fbd3d1b5d0a7bd6d3cc21d40d3536ebff3352a2a1fabb632d4fd2cc7fe4cbdcd5ed6782084c9bbf7f32a1536d18f9da5007d4
  languageName: node
  linkType: hard

"align-text@npm:^0.1.1, align-text@npm:^0.1.3":
  version: 0.1.4
  resolution: "align-text@npm:0.1.4"
  dependencies:
    kind-of: "npm:^3.0.2"
    longest: "npm:^1.0.1"
    repeat-string: "npm:^1.5.2"
  checksum: b4970e6bcca5b436b1f5645d4efca4d8ea18fd3d0f2dfcbde79df92aa21019076def35d9b5b0428d1c69ee77b21290f8f108f86c497e6f834cddf270dccb5829
  languageName: node
  linkType: hard

"ansi-styles@npm:^3.2.1":
  version: 3.2.1
  resolution: "ansi-styles@npm:3.2.1"
  dependencies:
    color-convert: "npm:^1.9.0"
  checksum: d85ade01c10e5dd77b6c89f34ed7531da5830d2cb5882c645f330079975b716438cd7ebb81d0d6e6b4f9c577f19ae41ab55f07f19786b02f9dfd9e0377395665
  languageName: node
  linkType: hard

"asn1@npm:~0.2.3":
  version: 0.2.4
  resolution: "asn1@npm:0.2.4"
  dependencies:
    safer-buffer: "npm:~2.1.0"
  checksum: aa5d6f77b1e0597df53824c68cfe82d1d89ce41cb3520148611f025fbb3101b2d25dd6a40ad34e4fac10f6b19ed5e8628cd4b7d212261e80e83f02b39ee5663c
  languageName: node
  linkType: hard

"assert-plus@npm:1.0.0, assert-plus@npm:^1.0.0":
  version: 1.0.0
  resolution: "assert-plus@npm:1.0.0"
  checksum: 19b4340cb8f0e6a981c07225eacac0e9d52c2644c080198765d63398f0075f83bbc0c8e95474d54224e297555ad0d631c1dcd058adb1ddc2437b41a6b424ac64
  languageName: node
  linkType: hard

"async@npm:~0.2.6":
  version: 0.2.10
  resolution: "async@npm:0.2.10"
  checksum: 9ea83419ba67dc4ecf42d4eb0d93ce0ac80a67cabb612f160ed096aef5d001e3184ec9e9be5d4dc39b2c51a34e2ae16f9b21d737068b0f615fccb4eea16d0138
  languageName: node
  linkType: hard

"asynckit@npm:^0.4.0":
  version: 0.4.0
  resolution: "asynckit@npm:0.4.0"
  checksum: 7b78c451df768adba04e2d02e63e2d0bf3b07adcd6e42b4cf665cb7ce899bedd344c69a1dcbce355b5f972d597b25aaa1c1742b52cffd9caccb22f348114f6be
  languageName: node
  linkType: hard

"aws-sign2@npm:~0.7.0":
  version: 0.7.0
  resolution: "aws-sign2@npm:0.7.0"
  checksum: b148b0bb0778098ad8cf7e5fc619768bcb51236707ca1d3e5b49e41b171166d8be9fdc2ea2ae43d7decf02989d0aaa3a9c4caa6f320af95d684de9b548a71525
  languageName: node
  linkType: hard

"aws4@npm:^1.8.0":
  version: 1.8.0
  resolution: "aws4@npm:1.8.0"
  checksum: 3314f3607f2b79028500e8eb98e1ba30a4fa6e2c5bedb7c471ad8ace444899f30cea32de31ec86ab4a1e34b65d523482c51a9895c6fc229c3bf75e50b68afeae
  languageName: node
  linkType: hard

"balanced-match@npm:^1.0.0":
  version: 1.0.0
  resolution: "balanced-match@npm:1.0.0"
  checksum: 9b67bfe558772f40cf743a3469b48b286aecec2ea9fe80c48d74845e53aab1cef524fafedf123a63019b49ac397760573ef5f173f539423061f7217cbb5fbd40
  languageName: node
  linkType: hard

"bcrypt-pbkdf@npm:^1.0.0":
  version: 1.0.2
  resolution: "bcrypt-pbkdf@npm:1.0.2"
  dependencies:
    tweetnacl: "npm:^0.14.3"
  checksum: 4edfc9fe7d07019609ccf797a2af28351736e9d012c8402a07120c4453a3b789a15f2ee1530dc49eee8f7eb9379331a8dd4b3766042b9e502f74a68e7f662291
  languageName: node
  linkType: hard

"brace-expansion@npm:^1.1.7":
  version: 1.1.11
  resolution: "brace-expansion@npm:1.1.11"
  dependencies:
    balanced-match: "npm:^1.0.0"
    concat-map: "npm:0.0.1"
  checksum: faf34a7bb0c3fcf4b59c7808bc5d2a96a40988addf2e7e09dfbb67a2251800e0d14cd2bfc1aa79174f2f5095c54ff27f46fb1289fe2d77dac755b5eb3434cc07
  languageName: node
  linkType: hard

"buffer-from@npm:^1.0.0":
  version: 1.1.1
  resolution: "buffer-from@npm:1.1.1"
  checksum: ccc53b69736008bff764497367c4d24879ba7122bc619ee499ff47eef3a5b885ca496e87272e7ebffa0bec3804c83f84041c616f6e3318f40624e27c1d80f045
  languageName: node
  linkType: hard

"camelcase@npm:^1.0.2":
  version: 1.2.1
  resolution: "camelcase@npm:1.2.1"
  checksum: 3da5ab4bb997f33e57023ddee39887e0d3f34ce5a2d41bcfe84454ee528c4fd769a4f9a428168bf9b24aca9338699885ffb63527acb02834c31b864d4b0d2299
  languageName: node
  linkType: hard

"caseless@npm:~0.12.0":
  version: 0.12.0
  resolution: "caseless@npm:0.12.0"
  checksum: b43bd4c440aa1e8ee6baefee8063b4850fd0d7b378f6aabc796c9ec8cb26d27fb30b46885350777d9bd079c5256c0e1329ad0dc7c2817e0bb466810ebb353751
  languageName: node
  linkType: hard

"center-align@npm:^0.1.1":
  version: 0.1.3
  resolution: "center-align@npm:0.1.3"
  dependencies:
    align-text: "npm:^0.1.3"
    lazy-cache: "npm:^1.0.3"
  checksum: f3a4e224f0eeb7a9ebc09e6519639acadd8b65942ae33db2b6f38946fcee6320499bd6b980894f7e33fec4f1b66c056d55bb96a9b05a2ca0fde25876e9ee2ab8
  languageName: node
  linkType: hard

"chalk@npm:^2.4.1":
  version: 2.4.2
  resolution: "chalk@npm:2.4.2"
  dependencies:
    ansi-styles: "npm:^3.2.1"
    escape-string-regexp: "npm:^1.0.5"
    supports-color: "npm:^5.3.0"
  checksum: ec3661d38fe77f681200f878edbd9448821924e0f93a9cefc0e26a33b145f1027a2084bf19967160d11e1f03bfe4eaffcabf5493b89098b2782c3fe0b03d80c2
  languageName: node
  linkType: hard

"cliui@npm:^2.1.0":
  version: 2.1.0
  resolution: "cliui@npm:2.1.0"
  dependencies:
    center-align: "npm:^0.1.1"
    right-align: "npm:^0.1.1"
    wordwrap: "npm:0.0.2"
  checksum: 6ea62222bd60ea94bca6321766a300a6ad3f742960b6c6d1e42a730f28df8b1dd81c6fedfbc327d100986ac21fdd7eafb7da34e09a96eb4ffe0c9590754053cb
  languageName: node
  linkType: hard

"color-convert@npm:^1.9.0":
  version: 1.9.3
  resolution: "color-convert@npm:1.9.3"
  dependencies:
    color-name: "npm:1.1.3"
  checksum: fd7a64a17cde98fb923b1dd05c5f2e6f7aefda1b60d67e8d449f9328b4e53b228a428fd38bfeaeb2db2ff6b6503a776a996150b80cdf224062af08a5c8a3a203
  languageName: node
  linkType: hard

"color-name@npm:1.1.3":
  version: 1.1.3
  resolution: "color-name@npm:1.1.3"
  checksum: 09c5d3e33d2105850153b14466501f2bfb30324a2f76568a408763a3b7433b0e50e5b4ab1947868e65cb101bb7cb75029553f2c333b6d4b8138a73fcc133d69d
  languageName: node
  linkType: hard

"combined-stream@npm:^1.0.6, combined-stream@npm:~1.0.6":
  version: 1.0.8
  resolution: "combined-stream@npm:1.0.8"
  dependencies:
    delayed-stream: "npm:~1.0.0"
  checksum: 49fa4aeb4916567e33ea81d088f6584749fc90c7abec76fd516bf1c5aa5c79f3584b5ba3de6b86d26ddd64bae5329c4c7479343250cfe71c75bb366eae53bb7c
  languageName: node
  linkType: hard

"concat-map@npm:0.0.1":
  version: 0.0.1
  resolution: "concat-map@npm:0.0.1"
  checksum: 902a9f5d8967a3e2faf138d5cb784b9979bad2e6db5357c5b21c568df4ebe62bcb15108af1b2253744844eb964fc023fbd9afbbbb6ddd0bcc204c6fb5b7bf3af
  languageName: node
  linkType: hard

"concat-stream@npm:1.6.2":
  version: 1.6.2
  resolution: "concat-stream@npm:1.6.2"
  dependencies:
    buffer-from: "npm:^1.0.0"
    inherits: "npm:^2.0.3"
    readable-stream: "npm:^2.2.2"
    typedarray: "npm:^0.0.6"
  checksum: 1ef77032cb4459dcd5187bd710d6fc962b067b64ec6a505810de3d2b8cc0605638551b42f8ec91edf6fcd26141b32ef19ad749239b58fae3aba99187adc32285
  languageName: node
  linkType: hard

"core-util-is@npm:1.0.2, core-util-is@npm:~1.0.0":
  version: 1.0.2
  resolution: "core-util-is@npm:1.0.2"
  checksum: 7a4c925b497a2c91421e25bf76d6d8190f0b2359a9200dbeed136e63b2931d6294d3b1893eda378883ed363cd950f44a12a401384c609839ea616befb7927dab
  languageName: node
  linkType: hard

"cross-spawn@npm:^6.0.5":
  version: 6.0.5
  resolution: "cross-spawn@npm:6.0.5"
  dependencies:
    nice-try: "npm:^1.0.4"
    path-key: "npm:^2.0.1"
    semver: "npm:^5.5.0"
    shebang-command: "npm:^1.2.0"
    which: "npm:^1.2.9"
  checksum: f893bb0d96cd3d5751d04e67145bdddf25f99449531a72e82dcbbd42796bbc8268c1076c6b3ea51d4d455839902804b94bc45dfb37ecbb32ea8e54a6741c3ab9
  languageName: node
  linkType: hard

"dashdash@npm:^1.12.0":
  version: 1.14.1
  resolution: "dashdash@npm:1.14.1"
  dependencies:
    assert-plus: "npm:^1.0.0"
  checksum: 3634c249570f7f34e3d34f866c93f866c5b417f0dd616275decae08147dcdf8fccfaa5947380ccfb0473998ea3a8057c0b4cd90c875740ee685d0624b2983598
  languageName: node
  linkType: hard

"debug@npm:2.6.9":
  version: 2.6.9
  resolution: "debug@npm:2.6.9"
  dependencies:
    ms: "npm:2.0.0"
  checksum: d2f51589ca66df60bf36e1fa6e4386b318c3f1e06772280eea5b1ae9fd3d05e9c2b7fd8a7d862457d00853c75b00451aa2d7459b924629ee385287a650f58fe6
  languageName: node
  linkType: hard

"decamelize@npm:^1.0.0":
  version: 1.2.0
  resolution: "decamelize@npm:1.2.0"
  checksum: ad8c51a7e7e0720c70ec2eeb1163b66da03e7616d7b98c9ef43cce2416395e84c1e9548dd94f5f6ffecfee9f8b94251fc57121a8b021f2ff2469b2bae247b8aa
  languageName: node
  linkType: hard

"define-properties@npm:^1.1.2":
  version: 1.1.3
  resolution: "define-properties@npm:1.1.3"
  dependencies:
    object-keys: "npm:^1.0.12"
  checksum: da80dba55d0cd76a5a7ab71ef6ea0ebcb7b941f803793e4e0257b384cb772038faa0c31659d244e82c4342edef841c1a1212580006a05a5068ee48223d787317
  languageName: node
  linkType: hard

"delayed-stream@npm:~1.0.0":
  version: 1.0.0
  resolution: "delayed-stream@npm:1.0.0"
  checksum: 46fe6e83e2cb1d85ba50bd52803c68be9bd953282fa7096f51fc29edd5d67ff84ff753c51966061e5ba7cb5e47ef6d36a91924eddb7f3f3483b1c560f77a0020
  languageName: node
  linkType: hard

"ecc-jsbn@npm:~0.1.1":
  version: 0.1.2
  resolution: "ecc-jsbn@npm:0.1.2"
  dependencies:
    jsbn: "npm:~0.1.0"
    safer-buffer: "npm:^2.1.0"
  checksum: 22fef4b6203e5f31d425f5b711eb389e4c6c2723402e389af394f8411b76a488fa414d309d866e2b577ce3e8462d344205545c88a8143cc21752a5172818888a
  languageName: node
  linkType: hard

"error-ex@npm:^1.3.1":
  version: 1.3.2
  resolution: "error-ex@npm:1.3.2"
  dependencies:
    is-arrayish: "npm:^0.2.1"
  checksum: c1c2b8b65f9c91b0f9d75f0debaa7ec5b35c266c2cac5de412c1a6de86d4cbae04ae44e510378cb14d032d0645a36925d0186f8bb7367bcc629db256b743a001
  languageName: node
  linkType: hard

"es-abstract@npm:^1.4.3":
  version: 1.13.0
  resolution: "es-abstract@npm:1.13.0"
  dependencies:
    es-to-primitive: "npm:^1.2.0"
    function-bind: "npm:^1.1.1"
    has: "npm:^1.0.3"
    is-callable: "npm:^1.1.4"
    is-regex: "npm:^1.0.4"
    object-keys: "npm:^1.0.12"
  checksum: 804859a857c219947cdd1f64093004fdddae92351808938006e582a00ae236d39c1ea19ea7538c244209533cc48004e5134093f26d14f67dedcfce2510a1c51e
  languageName: node
  linkType: hard

"es-to-primitive@npm:^1.2.0":
  version: 1.2.0
  resolution: "es-to-primitive@npm:1.2.0"
  dependencies:
    is-callable: "npm:^1.1.4"
    is-date-object: "npm:^1.0.1"
    is-symbol: "npm:^1.0.2"
  checksum: 6bd427991a876a978d8bac8684ccfda89a1d51014f69b37715ad6f52b1c7e9692a6fa908c7050c8337718df3c23344e68002e528a36dcde9d6d90ae8758d559c
  languageName: node
  linkType: hard

"es6-promise@npm:^4.0.3":
  version: 4.2.8
  resolution: "es6-promise@npm:4.2.8"
  checksum: 95614a88873611cb9165a85d36afa7268af5c03a378b35ca7bda9508e1d4f1f6f19a788d4bc755b3fd37c8ebba40782018e02034564ff24c9d6fa37e959ad57d
  languageName: node
  linkType: hard

"escape-string-regexp@npm:^1.0.5":
  version: 1.0.5
  resolution: "escape-string-regexp@npm:1.0.5"
  checksum: 6092fda75c63b110c706b6a9bfde8a612ad595b628f0bd2147eea1d3406723020810e591effc7db1da91d80a71a737a313567c5abb3813e8d9c71f4aa595b410
  languageName: node
  linkType: hard

"extend@npm:~3.0.2":
  version: 3.0.2
  resolution: "extend@npm:3.0.2"
  checksum: a50a8309ca65ea5d426382ff09f33586527882cf532931cb08ca786ea3146c0553310bda688710ff61d7668eba9f96b923fe1420cdf56a2c3eaf30fcab87b515
  languageName: node
  linkType: hard

"extract-zip@npm:^1.6.5":
  version: 1.6.7
  resolution: "extract-zip@npm:1.6.7"
  dependencies:
    concat-stream: "npm:1.6.2"
    debug: "npm:2.6.9"
    mkdirp: "npm:0.5.1"
    yauzl: "npm:2.4.1"
  bin:
    extract-zip: cli.js
  checksum: 27047b70ab043785f1fc89f7c041e0f97046e7c187685e119b073cffbbc8e7173b7f05a5ec7edb7d621dc6a86daf67441878ecb29d0dd078ae22764d0a934164
  languageName: node
  linkType: hard

"extsprintf@npm:1.3.0":
  version: 1.3.0
  resolution: "extsprintf@npm:1.3.0"
  checksum: cee7a4a1e34cffeeec18559109de92c27517e5641991ec6bab849aa64e3081022903dd53084f2080d0d2530803aa5ee84f1e9de642c365452f9e67be8f958ce2
  languageName: node
  linkType: hard

"extsprintf@npm:^1.2.0":
  version: 1.4.0
  resolution: "extsprintf@npm:1.4.0"
  checksum: 184dc8a413eb4b1ff16bdce797340e7ded4d28511d56a1c9afa5a95bcff6ace154063823eaf0206dbbb0d14059d74f382a15c34b7c0636fa74a7e681295eb67e
  languageName: node
  linkType: hard

"fast-deep-equal@npm:^3.1.1":
  version: 3.1.3
  resolution: "fast-deep-equal@npm:3.1.3"
  checksum: e21a9d8d84f53493b6aa15efc9cfd53dd5b714a1f23f67fb5dc8f574af80df889b3bce25dc081887c6d25457cce704e636395333abad896ccdec03abaf1f3f9d
  languageName: node
  linkType: hard

"fast-json-stable-stringify@npm:^2.0.0":
  version: 2.1.0
  resolution: "fast-json-stable-stringify@npm:2.1.0"
  checksum: b191531e36c607977e5b1c47811158733c34ccb3bfde92c44798929e9b4154884378536d26ad90dfecd32e1ffc09c545d23535ad91b3161a27ddbb8ebe0cbecb
  languageName: node
  linkType: hard

"fd-slicer@npm:~1.0.1":
  version: 1.0.1
  resolution: "fd-slicer@npm:1.0.1"
  dependencies:
    pend: "npm:~1.2.0"
  checksum: 5a264d6da228eed31ec7b60b385667fe04c7d0ed5bd069b9fe32be51dd6ab1e1cc36b443b718948e28dbfd4d52963cffc02361d658a8e3983f009f4762d85e24
  languageName: node
  linkType: hard

"forever-agent@npm:~0.6.1":
  version: 0.6.1
  resolution: "forever-agent@npm:0.6.1"
  checksum: 766ae6e220f5fe23676bb4c6a99387cec5b7b62ceb99e10923376e27bfea72f3c3aeec2ba5f45f3f7ba65d6616965aa7c20b15002b6860833bb6e394dea546a8
  languageName: node
  linkType: hard

"form-data@npm:~2.3.2":
  version: 2.3.3
  resolution: "form-data@npm:2.3.3"
  dependencies:
    asynckit: "npm:^0.4.0"
    combined-stream: "npm:^1.0.6"
    mime-types: "npm:^2.1.12"
  checksum: 10c1780fa13dbe1ff3100114c2ce1f9307f8be10b14bf16e103815356ff567b6be39d70fc4a40f8990b9660012dc24b0f5e1dde1b6426166eb23a445ba068ca3
  languageName: node
  linkType: hard

"fs-extra@npm:^1.0.0":
  version: 1.0.0
  resolution: "fs-extra@npm:1.0.0"
  dependencies:
    graceful-fs: "npm:^4.1.2"
    jsonfile: "npm:^2.1.0"
    klaw: "npm:^1.0.0"
  checksum: 9d3642621f42c810e9a32e6ecf97f6f827fdffb001316504d2102d87b4505b8bda1197d43e38e5b1db1faa240b022380b489a0e378b739e1cadef0df9aad4b5f
  languageName: node
  linkType: hard

"fs-extra@npm:^8.0.1":
  version: 8.0.1
  resolution: "fs-extra@npm:8.0.1"
  dependencies:
    graceful-fs: "npm:^4.1.2"
    jsonfile: "npm:^4.0.0"
    universalify: "npm:^0.1.0"
  checksum: da021da6fbecf1d5e67300952a1fae67ac5eef2e4e0953303eefa0e8aa5f809b283b2798d482bc61da4997737d0a09f8dae204f932bf509c5a169c76f2915b25
  languageName: node
  linkType: hard

"function-bind@npm:^1.0.2, function-bind@npm:^1.1.1":
  version: 1.1.1
  resolution: "function-bind@npm:1.1.1"
  checksum: b32fbaebb3f8ec4969f033073b43f5c8befbb58f1a79e12f1d7490358150359ebd92f49e72ff0144f65f2c48ea2a605bff2d07965f548f6474fd8efd95bf361a
  languageName: node
  linkType: hard

"getpass@npm:^0.1.1":
  version: 0.1.7
  resolution: "getpass@npm:0.1.7"
  dependencies:
    assert-plus: "npm:^1.0.0"
  checksum: ab18d55661db264e3eac6012c2d3daeafaab7a501c035ae0ccb193c3c23e9849c6e29b6ac762b9c2adae460266f925d55a3a2a3a3c8b94be2f222df94d70c046
  languageName: node
  linkType: hard

"graceful-fs@npm:^4.1.2, graceful-fs@npm:^4.1.6, graceful-fs@npm:^4.1.9":
  version: 4.1.15
  resolution: "graceful-fs@npm:4.1.15"
  checksum: 0c7d7fcb739f760b3b702f993b64e2c111fce22084bbc9c5c8ff7f1a051691a7bba2baf0bf1c464ea5081225f8e17610c6b30167bcd6899aaabca820d55e403c
  languageName: node
  linkType: hard

"har-schema@npm:^2.0.0":
  version: 2.0.0
  resolution: "har-schema@npm:2.0.0"
  checksum: d8946348f333fb09e2bf24cc4c67eabb47c8e1d1aa1c14184c7ffec1140a49ec8aa78aa93677ae452d71d5fc0fdeec20f0c8c1237291fc2bcb3f502a5d204f9b
  languageName: node
  linkType: hard

"har-validator@npm:~5.1.0":
  version: 5.1.3
  resolution: "har-validator@npm:5.1.3"
  dependencies:
    ajv: "npm:^6.5.5"
    har-schema: "npm:^2.0.0"
  checksum: 5903ddf55f4403bb102a86dc2da073593716c7aa422863c244cb406b69e006551553c904e30ed5d123788675ae827f977b3b366211dc730b33a2b619f926199f
  languageName: node
  linkType: hard

"has-flag@npm:^3.0.0":
  version: 3.0.0
  resolution: "has-flag@npm:3.0.0"
  checksum: 4a15638b454bf086c8148979aae044dd6e39d63904cd452d970374fa6a87623423da485dfb814e7be882e05c096a7ccf1ebd48e7e7501d0208d8384ff4dea73b
  languageName: node
  linkType: hard

"has-symbols@npm:^1.0.0":
  version: 1.0.0
  resolution: "has-symbols@npm:1.0.0"
  checksum: 9b557a61222b5579273ac93f193e14925a3b0d9631e87cae8f6f774cb7f90eada8218a9f71f075a60d330266dddea3c4e7153b9638e866e3d01d42a614717bc4
  languageName: node
  linkType: hard

"has@npm:^1.0.1, has@npm:^1.0.3":
  version: 1.0.3
  resolution: "has@npm:1.0.3"
  dependencies:
    function-bind: "npm:^1.1.1"
  checksum: b9ad53d53be4af90ce5d1c38331e712522417d017d5ef1ebd0507e07c2fbad8686fffb8e12ddecd4c39ca9b9b47431afbb975b8abf7f3c3b82c98e9aad052792
  languageName: node
  linkType: hard

"hasha@npm:^2.2.0":
  version: 2.2.0
  resolution: "hasha@npm:2.2.0"
  dependencies:
    is-stream: "npm:^1.0.1"
    pinkie-promise: "npm:^2.0.0"
  checksum: 1855680c0e8a1b92686f816f2f224e184e5f2422f2ddef4f05184ea57bf954cecc017598af08b84c6aa723ccc38353469d4f143869ecfafedf1c50aec0e7ed4e
  languageName: node
  linkType: hard

"hosted-git-info@npm:^2.1.4":
  version: 2.8.9
  resolution: "hosted-git-info@npm:2.8.9"
  checksum: c955394bdab888a1e9bb10eb33029e0f7ce5a2ac7b3f158099dc8c486c99e73809dca609f5694b223920ca2174db33d32b12f9a2a47141dc59607c29da5a62dd
  languageName: node
  linkType: hard

"http-signature@npm:~1.2.0":
  version: 1.2.0
  resolution: "http-signature@npm:1.2.0"
  dependencies:
    assert-plus: "npm:^1.0.0"
    jsprim: "npm:^1.2.2"
    sshpk: "npm:^1.7.0"
  checksum: 3324598712266a9683585bb84a75dec4fd550567d5e0dd4a0fff6ff3f74348793404d3eeac4918fa0902c810eeee1a86419e4a2e92a164132dfe6b26743fb47c
  languageName: node
  linkType: hard

"inherits@npm:^2.0.3, inherits@npm:~2.0.3":
  version: 2.0.3
  resolution: "inherits@npm:2.0.3"
  checksum: 78cb8d7d850d20a5e9a7f3620db31483aa00ad5f722ce03a55b110e5a723539b3716a3b463e2b96ce3fe286f33afc7c131fa2f91407528ba80cea98a7545d4c0
  languageName: node
  linkType: hard

"is-arrayish@npm:^0.2.1":
  version: 0.2.1
  resolution: "is-arrayish@npm:0.2.1"
  checksum: eef4417e3c10e60e2c810b6084942b3ead455af16c4509959a27e490e7aee87cfb3f38e01bbde92220b528a0ee1a18d52b787e1458ee86174d8c7f0e58cd488f
  languageName: node
  linkType: hard

"is-buffer@npm:^1.1.5":
  version: 1.1.6
  resolution: "is-buffer@npm:1.1.6"
  checksum: 4a186d995d8bbf9153b4bd9ff9fd04ae75068fe695d29025d25e592d9488911eeece84eefbd8fa41b8ddcc0711058a71d4c466dcf6f1f6e1d83830052d8ca707
  languageName: node
  linkType: hard

"is-callable@npm:^1.1.4":
  version: 1.1.4
  resolution: "is-callable@npm:1.1.4"
  checksum: ad54044fbe114f91da69f89ab3a9b626e80d13398aeb6a541930a52936207d6da4b0f51e5e5dbf2c8dad45623bc302b0e62a0ac9918a0f7d1cd4865929adc0ed
  languageName: node
  linkType: hard

"is-date-object@npm:^1.0.1":
  version: 1.0.1
  resolution: "is-date-object@npm:1.0.1"
  checksum: 4ce962ecb46d31e48652a247ba9a31697199308926ec8e330426f5de41007781c28617c7c972f188e9aa2dd3d77f725eaba7755d207cecdd49f32fc0beca4fed
  languageName: node
  linkType: hard

"is-regex@npm:^1.0.4":
  version: 1.0.4
  resolution: "is-regex@npm:1.0.4"
  dependencies:
    has: "npm:^1.0.1"
  checksum: 8df3511d4464a22d789502a175decd4d82b5394a424297c92b5ffc11996a239d89a7ff1dd5c721329bd41ed128218b94fe4eeddbf9e2ab2c10fa05b6effc3dd5
  languageName: node
  linkType: hard

"is-stream@npm:^1.0.1":
  version: 1.1.0
  resolution: "is-stream@npm:1.1.0"
  checksum: 063c6bec9d5647aa6d42108d4c59723d2bd4ae42135a2d4db6eadbd49b7ea05b750fd69d279e5c7c45cf9da753ad2c00d8978be354d65aa9f6bb434969c6a2ae
  languageName: node
  linkType: hard

"is-symbol@npm:^1.0.2":
  version: 1.0.2
  resolution: "is-symbol@npm:1.0.2"
  dependencies:
    has-symbols: "npm:^1.0.0"
  checksum: 28a384b4f7a20591c94230ea6e4a45b707395a2cd68a43cd6623c6a444374073c6b9c11b9d3d4b5b472b006cacf1901ca4dd60629f55d534644648954a217169
  languageName: node
  linkType: hard

"is-typedarray@npm:~1.0.0":
  version: 1.0.0
  resolution: "is-typedarray@npm:1.0.0"
  checksum: 3508c6cd0a9ee2e0df2fa2e9baabcdc89e911c7bd5cf64604586697212feec525aa21050e48affb5ffc3df20f0f5d2e2cf79b08caa64e1ccc9578e251763aef7
  languageName: node
  linkType: hard

"isarray@npm:~1.0.0":
  version: 1.0.0
  resolution: "isarray@npm:1.0.0"
  checksum: f032df8e02dce8ec565cf2eb605ea939bdccea528dbcf565cdf92bfa2da9110461159d86a537388ef1acef8815a330642d7885b29010e8f7eac967c9993b65ab
  languageName: node
  linkType: hard

"isexe@npm:^2.0.0":
  version: 2.0.0
  resolution: "isexe@npm:2.0.0"
  checksum: 26bf6c5480dda5161c820c5b5c751ae1e766c587b1f951ea3fcfc973bafb7831ae5b54a31a69bd670220e42e99ec154475025a468eae58ea262f813fdc8d1c62
  languageName: node
  linkType: hard

"isstream@npm:~0.1.2":
  version: 0.1.2
  resolution: "isstream@npm:0.1.2"
  checksum: 1eb2fe63a729f7bdd8a559ab552c69055f4f48eb5c2f03724430587c6f450783c8f1cd936c1c952d0a927925180fcc892ebd5b174236cf1065d4bd5bdb37e963
  languageName: node
  linkType: hard

"jsbn@npm:~0.1.0":
  version: 0.1.1
  resolution: "jsbn@npm:0.1.1"
  checksum: e5ff29c1b8d965017ef3f9c219dacd6e40ad355c664e277d31246c90545a02e6047018c16c60a00f36d561b3647215c41894f5d869ada6908a2e0ce4200c88f2
  languageName: node
  linkType: hard

"json-parse-better-errors@npm:^1.0.1":
  version: 1.0.2
  resolution: "json-parse-better-errors@npm:1.0.2"
  checksum: ff2b5ba2a70e88fd97a3cb28c1840144c5ce8fae9cbeeddba15afa333a5c407cf0e42300cd0a2885dbb055227fe68d405070faad941beeffbfde9cf3b2c78c5d
  languageName: node
  linkType: hard

"json-schema-traverse@npm:^0.4.1":
  version: 0.4.1
  resolution: "json-schema-traverse@npm:0.4.1"
  checksum: 7486074d3ba247769fda17d5181b345c9fb7d12e0da98b22d1d71a5db9698d8b4bd900a3ec1a4ffdd60846fc2556274a5c894d0c48795f14cb03aeae7b55260b
  languageName: node
  linkType: hard

"json-schema@npm:0.2.3":
  version: 0.2.3
  resolution: "json-schema@npm:0.2.3"
  checksum: bbc2070988fb5f2a2266a31b956f1b5660e03ea7eaa95b33402901274f625feb586ae0c485e1df854fde40a7f0dc679f3b3ca8e5b8d31f8ea07a0d834de785c7
  languageName: node
  linkType: hard

"json-stringify-safe@npm:~5.0.1":
  version: 5.0.1
  resolution: "json-stringify-safe@npm:5.0.1"
  checksum: 48ec0adad5280b8a96bb93f4563aa1667fd7a36334f79149abd42446d0989f2ddc58274b479f4819f1f00617957e6344c886c55d05a4e15ebb4ab931e4a6a8ee
  languageName: node
  linkType: hard

"jsonfile@npm:^2.1.0":
  version: 2.4.0
  resolution: "jsonfile@npm:2.4.0"
  dependencies:
    graceful-fs: "npm:^4.1.6"
  dependenciesMeta:
    graceful-fs:
      optional: true
  checksum: f5064aabbc9e35530dc471d8b203ae1f40dbe949ddde4391c6f6a6d310619a15f0efdae5587df594d1d70c555193aaeee9d2ed4aec9ffd5767bd5e4e62d49c3d
  languageName: node
  linkType: hard

"jsonfile@npm:^4.0.0":
  version: 4.0.0
  resolution: "jsonfile@npm:4.0.0"
  dependencies:
    graceful-fs: "npm:^4.1.6"
  dependenciesMeta:
    graceful-fs:
      optional: true
  checksum: 6447d6224f0d31623eef9b51185af03ac328a7553efcee30fa423d98a9e276ca08db87d71e17f2310b0263fd3ffa6c2a90a6308367f661dc21580f9469897c9e
  languageName: node
  linkType: hard

"jsonfile@npm:^5.0.0":
  version: 5.0.0
  resolution: "jsonfile@npm:5.0.0"
  dependencies:
    graceful-fs: "npm:^4.1.6"
    universalify: "npm:^0.1.2"
  dependenciesMeta:
    graceful-fs:
      optional: true
  checksum: e0ecff572dba34153a66e3a3bc5c6cb01a2c1d2cf4a2c19b6728dcfcab39d94be9cca4a0fc86a17ff2c815f2aeb43768ac75545780dbea4009433fdc32aa14d1
  languageName: node
  linkType: hard

"jsprim@npm:^1.2.2":
  version: 1.4.1
  resolution: "jsprim@npm:1.4.1"
  dependencies:
    assert-plus: "npm:1.0.0"
    extsprintf: "npm:1.3.0"
    json-schema: "npm:0.2.3"
    verror: "npm:1.10.0"
  checksum: 6bcb20ec265ae18bb48e540a6da2c65f9c844f7522712d6dfcb01039527a49414816f4869000493363f1e1ea96cbad00e46188d5ecc78257a19f152467587373
  languageName: node
  linkType: hard

"kew@npm:^0.7.0":
  version: 0.7.0
  resolution: "kew@npm:0.7.0"
  checksum: f21ccf245647ae9a89bcf98e479a355989f1b54aeff24af62d0cbf11a67cf7e7ffc59c3bcf05a70b68ae2a2c669f8004aea33cef69f04f0733d888afaa26d178
  languageName: node
  linkType: hard

"kind-of@npm:^3.0.2":
  version: 3.2.2
  resolution: "kind-of@npm:3.2.2"
  dependencies:
    is-buffer: "npm:^1.1.5"
  checksum: e898df8ca2f31038f27d24f0b8080da7be274f986bc6ed176f37c77c454d76627619e1681f6f9d2e8d2fd7557a18ecc419a6bb54e422abcbb8da8f1a75e4b386
  languageName: node
  linkType: hard

"klaw@npm:^1.0.0":
  version: 1.3.1
  resolution: "klaw@npm:1.3.1"
  dependencies:
    graceful-fs: "npm:^4.1.9"
  dependenciesMeta:
    graceful-fs:
      optional: true
  checksum: 8f69e4797c26e7c3f2426bfa85f38a3da3c2cb1b4c6bd850d2377aed440d41ce9d806f2885c2e2e224372c56af4b1d43b8a499adecf9a05e7373dc6b8b7c52e4
  languageName: node
  linkType: hard

"lazy-cache@npm:^1.0.3":
  version: 1.0.4
  resolution: "lazy-cache@npm:1.0.4"
  checksum: e6650c22e5de1cc3f4a0c25d2b35fe9cd400473c1b3562be9fceadf8f368d708b54d24f5aa51b321b090da65b36426823a8f706b8dbdd68270db0daba812c5d3
  languageName: node
  linkType: hard

"load-json-file@npm:^4.0.0":
  version: 4.0.0
  resolution: "load-json-file@npm:4.0.0"
  dependencies:
    graceful-fs: "npm:^4.1.2"
    parse-json: "npm:^4.0.0"
    pify: "npm:^3.0.0"
    strip-bom: "npm:^3.0.0"
  checksum: 8f5d6d93ba64a9620445ee9bde4d98b1eac32cf6c8c2d20d44abfa41a6945e7969456ab5f1ca2fb06ee32e206c9769a20eec7002fe290de462e8c884b6b8b356
  languageName: node
  linkType: hard

"longest@npm:^1.0.1":
  version: 1.0.1
  resolution: "longest@npm:1.0.1"
  checksum: 21717f95670675b8fec7ce78d255af664fc28273e8ac7d6893bce6063f63efa107634daa186d142172904053e0e39034b21e61a6c52538d3d37f715bf149c47f
  languageName: node
  linkType: hard

"memorystream@npm:^0.3.1":
  version: 0.3.1
  resolution: "memorystream@npm:0.3.1"
  checksum: f18b42440d24d09516d01466c06adf797df7873f0d40aa7db02e5fb9ed83074e5e65412d0720901d7069363465f82dc4f8bcb44f0cde271567a61426ce6ca2e9
  languageName: node
  linkType: hard

"mime-db@npm:1.40.0":
  version: 1.40.0
  resolution: "mime-db@npm:1.40.0"
  checksum: df6220a51cff688e9bb58f51afc3eda43e39bd1fdb975bc3e013c26676f9e799e3041f93a17c7c651f65fd066616e5947b4b51f0da03591edebaf8821aa00602
  languageName: node
  linkType: hard

"mime-types@npm:^2.1.12, mime-types@npm:~2.1.19":
  version: 2.1.24
  resolution: "mime-types@npm:2.1.24"
  dependencies:
    mime-db: "npm:1.40.0"
  checksum: e54c1e160889270044f78574f72db5f158cd69179a023b6a6dfd8254c675ec6ca2f9670391428eaf74b73735d76d5680d9e5abac0d8e259138072fd9f25e13f5
  languageName: node
  linkType: hard

"minimatch@npm:^3.0.4":
  version: 3.0.4
  resolution: "minimatch@npm:3.0.4"
  dependencies:
    brace-expansion: "npm:^1.1.7"
  checksum: 66ac295f8a7b59788000ea3749938b0970344c841750abd96694f80269b926ebcafad3deeb3f1da2522978b119e6ae3a5869b63b13a7859a456b3408bd18a078
  languageName: node
  linkType: hard

"minimist@npm:0.0.8":
  version: 0.0.8
  resolution: "minimist@npm:0.0.8"
  checksum: 042f8b626b1fa44dffc23bac55771425ac4ee9d267b56f9064c07713e516e1799f3ba933bb628d2475a210caf7dcdb98161611baa1f0daf49309a944cb4bc48f
  languageName: node
  linkType: hard

"mkdirp@npm:0.5.1":
  version: 0.5.1
  resolution: "mkdirp@npm:0.5.1"
  dependencies:
    minimist: "npm:0.0.8"
  bin:
    mkdirp: bin/cmd.js
  checksum: ed1ab49bb1d06c88dba7cfe930a3186f2605b5465aab7c8f24119baaba6e38f9ab4ac1695c68f476c65a48df2a69a8495049cd6e26c360ea082151a0771343d2
  languageName: node
  linkType: hard

"ms@npm:2.0.0":
  version: 2.0.0
  resolution: "ms@npm:2.0.0"
  checksum: 0e6a22b8b746d2e0b65a430519934fefd41b6db0682e3477c10f60c76e947c4c0ad06f63ffdf1d78d335f83edee8c0aa928aa66a36c7cd95b69b26f468d527f4
  languageName: node
  linkType: hard

"nice-try@npm:^1.0.4":
  version: 1.0.5
  resolution: "nice-try@npm:1.0.5"
  checksum: 0b4af3b5bb5d86c289f7a026303d192a7eb4417231fe47245c460baeabae7277bcd8fd9c728fb6bd62c30b3e15cd6620373e2cf33353b095d8b403d3e8a15aff
  languageName: node
  linkType: hard

"normalize-package-data@npm:^2.3.2":
  version: 2.5.0
  resolution: "normalize-package-data@npm:2.5.0"
  dependencies:
    hosted-git-info: "npm:^2.1.4"
    resolve: "npm:^1.10.0"
    semver: "npm:2 || 3 || 4 || 5"
    validate-npm-package-license: "npm:^3.0.1"
  checksum: 7999112efc35a6259bc22db460540cae06564aa65d0271e3bdfa86876d08b0e578b7b5b0028ee61b23f1cae9fc0e7847e4edc0948d3068a39a2a82853efc8499
  languageName: node
  linkType: hard

"npm-run-all@npm:^4.1.5":
  version: 4.1.5
  resolution: "npm-run-all@npm:4.1.5"
  dependencies:
    ansi-styles: "npm:^3.2.1"
    chalk: "npm:^2.4.1"
    cross-spawn: "npm:^6.0.5"
    memorystream: "npm:^0.3.1"
    minimatch: "npm:^3.0.4"
    pidtree: "npm:^0.3.0"
    read-pkg: "npm:^3.0.0"
    shell-quote: "npm:^1.6.1"
    string.prototype.padend: "npm:^3.0.0"
  bin:
    npm-run-all: bin/npm-run-all/index.js
    run-p: bin/run-p/index.js
    run-s: bin/run-s/index.js
  checksum: 373b72c6a36564da13c1642c1fd9bb4dcc756bce7a3648f883772f02661095319820834ff813762d2fee403e9b40c1cd27c8685807c107440f10eb19c006d4a0
  languageName: node
  linkType: hard

"oauth-sign@npm:~0.9.0":
  version: 0.9.0
  resolution: "oauth-sign@npm:0.9.0"
  checksum: 8f5497a127967866a3c67094c21efd295e46013a94e6e828573c62220e9af568cc1d2d04b16865ba583e430510fa168baf821ea78f355146d8ed7e350fc44c64
  languageName: node
  linkType: hard

"object-keys@npm:^1.0.12":
  version: 1.1.1
  resolution: "object-keys@npm:1.1.1"
  checksum: b363c5e7644b1e1b04aa507e88dcb8e3a2f52b6ffd0ea801e4c7a62d5aa559affe21c55a07fd4b1fd55fc03a33c610d73426664b20032405d7b92a1414c34d6a
  languageName: node
  linkType: hard

"parse-json@npm:^4.0.0":
  version: 4.0.0
  resolution: "parse-json@npm:4.0.0"
  dependencies:
    error-ex: "npm:^1.3.1"
    json-parse-better-errors: "npm:^1.0.1"
  checksum: 0fe227d410a61090c247e34fa210552b834613c006c2c64d9a05cfe9e89cf8b4246d1246b1a99524b53b313e9ac024438d0680f67e33eaed7e6f38db64cfe7b5
  languageName: node
  linkType: hard

"path-key@npm:^2.0.1":
  version: 2.0.1
  resolution: "path-key@npm:2.0.1"
  checksum: f7ab0ad42fe3fb8c7f11d0c4f849871e28fbd8e1add65c370e422512fc5887097b9cf34d09c1747d45c942a8c1e26468d6356e2df3f740bf177ab8ca7301ebfd
  languageName: node
  linkType: hard

"path-parse@npm:^1.0.6":
  version: 1.0.7
  resolution: "path-parse@npm:1.0.7"
  checksum: 49abf3d81115642938a8700ec580da6e830dde670be21893c62f4e10bd7dd4c3742ddc603fe24f898cba7eb0c6bc1777f8d9ac14185d34540c6d4d80cd9cae8a
  languageName: node
  linkType: hard

"path-type@npm:^3.0.0":
  version: 3.0.0
  resolution: "path-type@npm:3.0.0"
  dependencies:
    pify: "npm:^3.0.0"
  checksum: 735b35e256bad181f38fa021033b1c33cfbe62ead42bb2222b56c210e42938eecb272ae1949f3b6db4ac39597a61b44edd8384623ec4d79bfdc9a9c0f12537a6
  languageName: node
  linkType: hard

"pend@npm:~1.2.0":
  version: 1.2.0
  resolution: "pend@npm:1.2.0"
  checksum: 6c72f5243303d9c60bd98e6446ba7d30ae29e3d56fdb6fae8767e8ba6386f33ee284c97efe3230a0d0217e2b1723b8ab490b1bbf34fcbb2180dbc8a9de47850d
  languageName: node
  linkType: hard

"performance-now@npm:^2.1.0":
  version: 2.1.0
  resolution: "performance-now@npm:2.1.0"
  checksum: 534e641aa8f7cba160f0afec0599b6cecefbb516a2e837b512be0adbe6c1da5550e89c78059c7fabc5c9ffdf6627edabe23eb7c518c4500067a898fa65c2b550
  languageName: node
  linkType: hard

"phantomjs-prebuilt@npm:^2.1.16":
  version: 2.1.16
  resolution: "phantomjs-prebuilt@npm:2.1.16"
  dependencies:
    es6-promise: "npm:^4.0.3"
    extract-zip: "npm:^1.6.5"
    fs-extra: "npm:^1.0.0"
    hasha: "npm:^2.2.0"
    kew: "npm:^0.7.0"
    progress: "npm:^1.1.8"
    request: "npm:^2.81.0"
    request-progress: "npm:^2.0.1"
    which: "npm:^1.2.10"
  bin:
    phantomjs: ./bin/phantomjs
  checksum: 1fbfa1b172644a9eaeedf6eb8b566b3043480c0175e8a2c4b4bf59c6bddb369a3b153e8d354b3509a7b471abc424857db1955d8fbd7a9d1be3e220518c7c6ce0
  languageName: node
  linkType: hard

"pidtree@npm:^0.3.0":
  version: 0.3.0
  resolution: "pidtree@npm:0.3.0"
  bin:
    pidtree: ./bin/pidtree.js
  checksum: a282fd40653f6080c80c7c7f112134561797e3f7cf30798cea755f3806b022009e69a810487c1085d4561f1145177303b814677fbf69b24538b23bae4c287f59
  languageName: node
  linkType: hard

"pify@npm:^3.0.0":
  version: 3.0.0
  resolution: "pify@npm:3.0.0"
  checksum: 6cdcbc3567d5c412450c53261a3f10991665d660961e06605decf4544a61a97a54fefe70a68d5c37080ff9d6f4cf51444c90198d1ba9f9309a6c0d6e9f5c4fde
  languageName: node
  linkType: hard

"pinkie-promise@npm:^2.0.0":
  version: 2.0.1
  resolution: "pinkie-promise@npm:2.0.1"
  dependencies:
    pinkie: "npm:^2.0.0"
  checksum: b53a4a2e73bf56b6f421eef711e7bdcb693d6abb474d57c5c413b809f654ba5ee750c6a96dd7225052d4b96c4d053cdcb34b708a86fceed4663303abee52fcca
  languageName: node
  linkType: hard

"pinkie@npm:^2.0.0":
  version: 2.0.4
  resolution: "pinkie@npm:2.0.4"
  checksum: b12b10afea1177595aab036fc220785488f67b4b0fc49e7a27979472592e971614fa1c728e63ad3e7eb748b4ec3c3dbd780819331dad6f7d635c77c10537b9db
  languageName: node
  linkType: hard

"process-nextick-args@npm:~2.0.0":
  version: 2.0.0
  resolution: "process-nextick-args@npm:2.0.0"
  checksum: 15209b12304b0e52ce9a1817fe28280bf126758ba3a6636cbfda41af872ea6212b3fce57dbff07fc27c2c4bb4c32c5e4bd1f66b066366edf95a0165766c01c69
  languageName: node
  linkType: hard

"progress@npm:^1.1.8":
  version: 1.1.8
  resolution: "progress@npm:1.1.8"
  checksum: 789c824156e03a7353b190fc63da46bc42b210250cebaa2dca447a6a740f5469f34ed30f768cdef088ca720a8c3c42dd743958e8bc6a35b2d2a1a83171ad2c56
  languageName: node
  linkType: hard

"psl@npm:^1.1.24":
  version: 1.1.32
  resolution: "psl@npm:1.1.32"
  checksum: c793918c8088b8a7acc4bf31a9e4c5b429a5e0d9b7b7e5c72c37094575a0f6ed84585f9f8534cbe9e1decdd6f5aecbd17f92d7c70ca777cf2149e45642b16774
  languageName: node
  linkType: hard

"punycode@npm:^1.4.1":
  version: 1.4.1
  resolution: "punycode@npm:1.4.1"
  checksum: fa6e698cb53db45e4628559e557ddaf554103d2a96a1d62892c8f4032cd3bc8871796cae9eabc1bc700e2b6677611521ce5bb1d9a27700086039965d0cf34518
  languageName: node
  linkType: hard

"punycode@npm:^2.1.0":
  version: 2.1.1
  resolution: "punycode@npm:2.1.1"
  checksum: 823bf443c6dd14f669984dea25757b37993f67e8d94698996064035edd43bed8a5a17a9f12e439c2b35df1078c6bec05a6c86e336209eb1061e8025c481168e8
  languageName: node
  linkType: hard

"qs@npm:~6.5.2":
  version: 6.5.2
  resolution: "qs@npm:6.5.2"
  checksum: 24af7b9928ba2141233fba2912876ff100403dba1b08b20c3b490da9ea6c636760445ea2211a079e7dfa882a5cf8f738337b3748c8bdd0f93358fa8881d2db8f
  languageName: node
  linkType: hard

"read-pkg@npm:^3.0.0":
  version: 3.0.0
  resolution: "read-pkg@npm:3.0.0"
  dependencies:
    load-json-file: "npm:^4.0.0"
    normalize-package-data: "npm:^2.3.2"
    path-type: "npm:^3.0.0"
  checksum: 398903ebae6c7e9965419a1062924436cc0b6f516c42c4679a90290d2f87448ed8f977e7aa2dbba4aa1ac09248628c43e493ac25b2bc76640e946035200e34c6
  languageName: node
  linkType: hard

"readable-stream@npm:^2.2.2":
  version: 2.3.6
  resolution: "readable-stream@npm:2.3.6"
  dependencies:
    core-util-is: "npm:~1.0.0"
    inherits: "npm:~2.0.3"
    isarray: "npm:~1.0.0"
    process-nextick-args: "npm:~2.0.0"
    safe-buffer: "npm:~5.1.1"
    string_decoder: "npm:~1.1.1"
    util-deprecate: "npm:~1.0.1"
  checksum: 686bbf9e2300cd24bbd71ba8999202613ef19441da9223bfe2c7da4f0dfab233302e2604846e9b8e814664ccdf365881e593da963ac9e2120abfa21f14f257fb
  languageName: node
  linkType: hard

"repeat-string@npm:^1.5.2":
  version: 1.6.1
  resolution: "repeat-string@npm:1.6.1"
  checksum: 1b809fc6db97decdc68f5b12c4d1a671c8e3f65ec4a40c238bc5200e44e85bcc52a54f78268ab9c29fcf5fe4f1343e805420056d1f30fa9a9ee4c2d93e3cc6c0
  languageName: node
  linkType: hard

"request-progress@npm:^2.0.1":
  version: 2.0.1
  resolution: "request-progress@npm:2.0.1"
  dependencies:
    throttleit: "npm:^1.0.0"
  checksum: 66e7ce68a6f3b6cbf20e0d9e0ffc9cc4be0cc86c8051f7a329421bef8fb8da8bb7e893bc7e139a0d7f011feed5a5fce422fb809f5b6a59b91a282d4caf16417d
  languageName: node
  linkType: hard

"request@npm:^2.81.0":
  version: 2.88.0
  resolution: "request@npm:2.88.0"
  dependencies:
    aws-sign2: "npm:~0.7.0"
    aws4: "npm:^1.8.0"
    caseless: "npm:~0.12.0"
    combined-stream: "npm:~1.0.6"
    extend: "npm:~3.0.2"
    forever-agent: "npm:~0.6.1"
    form-data: "npm:~2.3.2"
    har-validator: "npm:~5.1.0"
    http-signature: "npm:~1.2.0"
    is-typedarray: "npm:~1.0.0"
    isstream: "npm:~0.1.2"
    json-stringify-safe: "npm:~5.0.1"
    mime-types: "npm:~2.1.19"
    oauth-sign: "npm:~0.9.0"
    performance-now: "npm:^2.1.0"
    qs: "npm:~6.5.2"
    safe-buffer: "npm:^5.1.2"
    tough-cookie: "npm:~2.4.3"
    tunnel-agent: "npm:^0.6.0"
    uuid: "npm:^3.3.2"
  checksum: aecf4f8cdb0ebd5feac5e29b748d6ab376ac5717ddcbc5a6bb24cc3808bde755ff0fa3a8379a2d25f6c4b969ced1ac065d22a615c71747cd305731efa643e30d
  languageName: node
  linkType: hard

"resolve@npm:^1.10.0":
  version: 1.11.1
  resolution: "resolve@npm:1.11.1"
  dependencies:
    path-parse: "npm:^1.0.6"
  checksum: 159d576da0a48c68c9b02b10bbf6a6b04bae17b468a53886d310199606a09f77eb6c2afa3da562429e1d1333a056d567bc0c13000935d14fa506476607bba254
  languageName: node
  linkType: hard

"resolve@patch:resolve@npm%3A^1.10.0#~builtin<compat/resolve>":
  version: 1.11.1
  resolution: "resolve@patch:resolve@npm%3A1.11.1#~builtin<compat/resolve>::version=1.11.1&hash=07638b"
  dependencies:
    path-parse: "npm:^1.0.6"
  checksum: fc3e272f1b1016888441d4d78591f7cfa7eed88a24e3d1fa52299e91135c37fd455232c394972b8e1fcc1b8433b62db943d1a7cc4f18a7a0593eb15f99668777
  languageName: node
  linkType: hard

"right-align@npm:^0.1.1":
  version: 0.1.3
  resolution: "right-align@npm:0.1.3"
  dependencies:
    align-text: "npm:^0.1.1"
  checksum: 7011dc8c0eb2ee04daab45d1251b5efff9956607e130b4a4005ed76e48bddf97c1de3cc70463ca0476949fce5d0af7d652619a538c1b9105b6eff6a59f15c4b9
  languageName: node
  linkType: hard

"safe-buffer@npm:^5.0.1, safe-buffer@npm:^5.1.2, safe-buffer@npm:~5.1.0, safe-buffer@npm:~5.1.1":
  version: 5.1.2
  resolution: "safe-buffer@npm:5.1.2"
  checksum: f2f1f7943ca44a594893a852894055cf619c1fbcb611237fc39e461ae751187e7baf4dc391a72125e0ac4fb2d8c5c0b3c71529622e6a58f46b960211e704903c
  languageName: node
  linkType: hard

"safer-buffer@npm:^2.0.2, safer-buffer@npm:^2.1.0, safer-buffer@npm:~2.1.0":
  version: 2.1.2
  resolution: "safer-buffer@npm:2.1.2"
  checksum: cab8f25ae6f1434abee8d80023d7e72b598cf1327164ddab31003c51215526801e40b66c5e65d658a0af1e9d6478cadcb4c745f4bd6751f97d8644786c0978b0
  languageName: node
  linkType: hard

"semver@npm:2 || 3 || 4 || 5, semver@npm:^5.5.0":
  version: 5.7.0
  resolution: "semver@npm:5.7.0"
  bin:
    semver: ./bin/semver
  checksum: 25d150834511d12ae0c1a0f012f294cb176b1497534c51c5ebb6209b7e8ab3845c6df4f1c078921487e6bcfcf0abd56ffdcabf38ef26d4e1bd93fdca0762cae4
  languageName: node
  linkType: hard

"shebang-command@npm:^1.2.0":
  version: 1.2.0
  resolution: "shebang-command@npm:1.2.0"
  dependencies:
    shebang-regex: "npm:^1.0.0"
  checksum: 9eed1750301e622961ba5d588af2212505e96770ec376a37ab678f965795e995ade7ed44910f5d3d3cb5e10165a1847f52d3348c64e146b8be922f7707958908
  languageName: node
  linkType: hard

"shebang-regex@npm:^1.0.0":
  version: 1.0.0
  resolution: "shebang-regex@npm:1.0.0"
  checksum: 404c5a752cd40f94591dfd9346da40a735a05139dac890ffc229afba610854d8799aaa52f87f7e0c94c5007f2c6af55bdcaeb584b56691926c5eaf41dc8f1372
  languageName: node
  linkType: hard

"shell-quote@npm:^1.6.1":
  version: 1.7.4
  resolution: "shell-quote@npm:1.7.4"
  checksum: 2874ea9c1a7c3ebfc9ec5734a897e16533d0d06f2e4cddc22ba3d1cab5cdc07d0f825364c1b1e39abe61236f44d8e60e933c7ad7349ce44de4f5dddc7b4354e9
  languageName: node
  linkType: hard

"source-map@npm:~0.5.1":
  version: 0.5.7
  resolution: "source-map@npm:0.5.7"
  checksum: 5dc2043b93d2f194142c7f38f74a24670cd7a0063acdaf4bf01d2964b402257ae843c2a8fa822ad5b71013b5fcafa55af7421383da919752f22ff488bc553f4d
  languageName: node
  linkType: hard

"spdx-correct@npm:^3.0.0":
  version: 3.1.0
  resolution: "spdx-correct@npm:3.1.0"
  dependencies:
    spdx-expression-parse: "npm:^3.0.0"
    spdx-license-ids: "npm:^3.0.0"
  checksum: fda9fc191e8e45209049054119e1343f4a449d54b677f38bd7b47956eac47d31d065d8fb7a58d2430d5974fcb6d88c9faada02e935847f9ed386073c18ba5c8a
  languageName: node
  linkType: hard

"spdx-exceptions@npm:^2.1.0":
  version: 2.2.0
  resolution: "spdx-exceptions@npm:2.2.0"
  checksum: 29189de3f60ac6d74d84fa85cfc49ca6a838f710242db99d9414461c2c1717ca3f4aae59b2ce57a99cf6427adc62bdcc4c198fb7ae17383497e5e85cc851f8d7
  languageName: node
  linkType: hard

"spdx-expression-parse@npm:^3.0.0":
  version: 3.0.0
  resolution: "spdx-expression-parse@npm:3.0.0"
  dependencies:
    spdx-exceptions: "npm:^2.1.0"
    spdx-license-ids: "npm:^3.0.0"
  checksum: 308c8c4925f3a584d5740e2d13615aa90e800fc16f9f794195723c9a3f56030096bf5cf34f68b2b05aedac292edd48fe7d51bac13e77e6f94abf921044e40248
  languageName: node
  linkType: hard

"spdx-license-ids@npm:^3.0.0":
  version: 3.0.4
  resolution: "spdx-license-ids@npm:3.0.4"
  checksum: 7d9686d299e7471427e9acaffd8ac75501e75d0d5d27096e3f2d5cd11f9fc38ba43718fd5d00f5e28a7dd5152e68261abcf965cb050eb168253e00604db07e55
  languageName: node
  linkType: hard

"sshpk@npm:^1.7.0":
  version: 1.16.1
  resolution: "sshpk@npm:1.16.1"
  dependencies:
    asn1: "npm:~0.2.3"
    assert-plus: "npm:^1.0.0"
    bcrypt-pbkdf: "npm:^1.0.0"
    dashdash: "npm:^1.12.0"
    ecc-jsbn: "npm:~0.1.1"
    getpass: "npm:^0.1.1"
    jsbn: "npm:~0.1.0"
    safer-buffer: "npm:^2.0.2"
    tweetnacl: "npm:~0.14.0"
  bin:
    sshpk-conv: bin/sshpk-conv
    sshpk-sign: bin/sshpk-sign
    sshpk-verify: bin/sshpk-verify
  checksum: 5e76afd1cedc780256f688b7c09327a8a650902d18e284dfeac97489a735299b03c3e72c6e8d22af03dbbe4d6f123fdfd5f3c4ed6bedbec72b9529a55051b857
  languageName: node
  linkType: hard

"string.prototype.padend@npm:^3.0.0":
  version: 3.0.0
  resolution: "string.prototype.padend@npm:3.0.0"
  dependencies:
    define-properties: "npm:^1.1.2"
    es-abstract: "npm:^1.4.3"
    function-bind: "npm:^1.0.2"
  checksum: ad1241b9dd0e0cec03c03689e2eddaa0e5fb39196e69dcc3a8b0ec68bda4a3611bec081c416123fc12fd8f45343c995f66cd892e3ee8f1ca5c32795ec2ece036
  languageName: node
  linkType: hard

"string_decoder@npm:~1.1.1":
  version: 1.1.1
  resolution: "string_decoder@npm:1.1.1"
  dependencies:
    safe-buffer: "npm:~5.1.0"
  checksum: 9ab7e56f9d60a28f2be697419917c50cac19f3e8e6c28ef26ed5f4852289fe0de5d6997d29becf59028556f2c62983790c1d9ba1e2a3cc401768ca12d5183a5b
  languageName: node
  linkType: hard

"strip-bom@npm:^3.0.0":
  version: 3.0.0
  resolution: "strip-bom@npm:3.0.0"
  checksum: 8d50ff27b7ebe5ecc78f1fe1e00fcdff7af014e73cf724b46fb81ef889eeb1015fc5184b64e81a2efe002180f3ba431bdd77e300da5c6685d702780fbf0c8d5b
  languageName: node
  linkType: hard

"supports-color@npm:^5.3.0":
  version: 5.5.0
  resolution: "supports-color@npm:5.5.0"
  dependencies:
    has-flag: "npm:^3.0.0"
  checksum: 95f6f4ba5afdf92f495b5a912d4abee8dcba766ae719b975c56c084f5004845f6f5a5f7769f52d53f40e21952a6d87411bafe34af4a01e65f9926002e38e1dac
  languageName: node
  linkType: hard

"throttleit@npm:^1.0.0":
  version: 1.0.0
  resolution: "throttleit@npm:1.0.0"
  checksum: 1b2db4d2454202d589e8236c07a69d2fab838876d370030ebea237c34c0a7d1d9cf11c29f994531ebb00efd31e9728291042b7754f2798a8352ec4463455b659
  languageName: node
  linkType: hard

"tough-cookie@npm:~2.4.3":
  version: 2.4.3
  resolution: "tough-cookie@npm:2.4.3"
  dependencies:
    psl: "npm:^1.1.24"
    punycode: "npm:^1.4.1"
  checksum: af5c7b03f22fc60b7a03339414d7e5b4d68aea84bcc591b4bfab73d85f71e218ff9ebdf94042205051faf980bdb2eeec5c8cf6ea5368fd9f878d2c3f718640b7
  languageName: node
  linkType: hard

"tunnel-agent@npm:^0.6.0":
  version: 0.6.0
  resolution: "tunnel-agent@npm:0.6.0"
  dependencies:
    safe-buffer: "npm:^5.0.1"
  checksum: 05f6510358f8afc62a057b8b692f05d70c1782b70db86d6a1e0d5e28a32389e52fa6e7707b6c5ecccacc031462e4bc35af85ecfe4bbc341767917b7cf6965711
  languageName: node
  linkType: hard

"tweetnacl@npm:^0.14.3, tweetnacl@npm:~0.14.0":
  version: 0.14.5
  resolution: "tweetnacl@npm:0.14.5"
  checksum: 6061daba1724f59473d99a7bb82e13f211cdf6e31315510ae9656fefd4779851cb927adad90f3b488c8ed77c106adc0421ea8055f6f976ff21b27c5c4e918487
  languageName: node
  linkType: hard

"twemoji-parser@npm:14.0.0":
  version: 14.0.0
  resolution: "twemoji-parser@npm:14.0.0"
  checksum: 8eede69cf71f94735de7b6fddf5dfbfe3cb2e01baefc3201360984ccc97cfc659f206c8f73bd1405a2282779af3b79a8c9bed3864c672e15e2dc6f8ce4810452
  languageName: node
  linkType: hard

"twemoji@workspace:.":
  version: 0.0.0-use.local
  resolution: "twemoji@workspace:."
  dependencies:
    fs-extra: ^8.0.1
    jsonfile: ^5.0.0
    npm-run-all: ^4.1.5
    phantomjs-prebuilt: ^2.1.16
    twemoji-parser: 14.0.0
    uglify-js: 2.6.2
    universalify: ^0.1.2
  languageName: unknown
  linkType: soft

"typedarray@npm:^0.0.6":
  version: 0.0.6
  resolution: "typedarray@npm:0.0.6"
  checksum: 33b39f3d0e8463985eeaeeacc3cb2e28bc3dfaf2a5ed219628c0b629d5d7b810b0eb2165f9f607c34871d5daa92ba1dc69f49051cf7d578b4cbd26c340b9d1b1
  languageName: node
  linkType: hard

"uglify-js@npm:2.6.2":
  version: 2.6.2
  resolution: "uglify-js@npm:2.6.2"
  dependencies:
    async: "npm:~0.2.6"
    source-map: "npm:~0.5.1"
    uglify-to-browserify: "npm:~1.0.0"
    yargs: "npm:~3.10.0"
  bin:
    uglifyjs: bin/uglifyjs
  checksum: 5cad9c31b9c5c8eaa1aa2f0573de5399a5175b48d1a1711301f828dfe7745a770a00153eb7e6cbceb2bd828e9d68debf2f1f523b9d058b063bf3cad673b155b6
  languageName: node
  linkType: hard

"uglify-to-browserify@npm:~1.0.0":
  version: 1.0.2
  resolution: "uglify-to-browserify@npm:1.0.2"
  checksum: cfa7e2c233b33dc952fcf6ddb2a1e04f48b733fc00314d7282447dde0d7cebc7cf0085d4752abbc82127a4b458c2bf66c63bd8a574be3b2faa0effaabd971370
  languageName: node
  linkType: hard

"universalify@npm:^0.1.0, universalify@npm:^0.1.2":
  version: 0.1.2
  resolution: "universalify@npm:0.1.2"
  checksum: 40cdc60f6e61070fe658ca36016a8f4ec216b29bf04a55dce14e3710cc84c7448538ef4dad3728d0bfe29975ccd7bfb5f414c45e7b78883567fb31b246f02dff
  languageName: node
  linkType: hard

"uri-js@npm:^4.2.2":
  version: 4.4.1
  resolution: "uri-js@npm:4.4.1"
  dependencies:
    punycode: "npm:^2.1.0"
  checksum: 7167432de6817fe8e9e0c9684f1d2de2bb688c94388f7569f7dbdb1587c9f4ca2a77962f134ec90be0cc4d004c939ff0d05acc9f34a0db39a3c797dada262633
  languageName: node
  linkType: hard

"util-deprecate@npm:~1.0.1":
  version: 1.0.2
  resolution: "util-deprecate@npm:1.0.2"
  checksum: 474acf1146cb2701fe3b074892217553dfcf9a031280919ba1b8d651a068c9b15d863b7303cb15bd00a862b498e6cf4ad7b4a08fb134edd5a6f7641681cb54a2
  languageName: node
  linkType: hard

"uuid@npm:^3.3.2":
  version: 3.3.2
  resolution: "uuid@npm:3.3.2"
  bin:
    uuid: ./bin/uuid
  checksum: 8793629d2799f500aeea9fcd0aec6c4e9fbcc4d62ed42159ad96be345c3fffac1bbf61a23e18e2782600884fee05e6d4012ce4b70d0037c8e987533ae6a77870
  languageName: node
  linkType: hard

"validate-npm-package-license@npm:^3.0.1":
  version: 3.0.4
  resolution: "validate-npm-package-license@npm:3.0.4"
  dependencies:
    spdx-correct: "npm:^3.0.0"
    spdx-expression-parse: "npm:^3.0.0"
  checksum: 35703ac889d419cf2aceef63daeadbe4e77227c39ab6287eeb6c1b36a746b364f50ba22e88591f5d017bc54685d8137bc2d328d0a896e4d3fd22093c0f32a9ad
  languageName: node
  linkType: hard

"verror@npm:1.10.0":
  version: 1.10.0
  resolution: "verror@npm:1.10.0"
  dependencies:
    assert-plus: "npm:^1.0.0"
    core-util-is: "npm:1.0.2"
    extsprintf: "npm:^1.2.0"
  checksum: c431df0bedf2088b227a4e051e0ff4ca54df2c114096b0c01e1cbaadb021c30a04d7dd5b41ab277bcd51246ca135bf931d4c4c796ecae7a4fef6d744ecef36ea
  languageName: node
  linkType: hard

"which@npm:^1.2.10, which@npm:^1.2.9":
  version: 1.3.1
  resolution: "which@npm:1.3.1"
  dependencies:
    isexe: "npm:^2.0.0"
  bin:
    which: ./bin/which
  checksum: f2e185c6242244b8426c9df1510e86629192d93c1a986a7d2a591f2c24869e7ffd03d6dac07ca863b2e4c06f59a4cc9916c585b72ee9fa1aa609d0124df15e04
  languageName: node
  linkType: hard

"window-size@npm:0.1.0":
  version: 0.1.0
  resolution: "window-size@npm:0.1.0"
  checksum: ca88d06a353e2ab264f68d8684c3e6bb461ac3b2205c372c290785cb4367e57a025d7760a0b030ea6af4daf5884394b78d0b2480e8d6699d8d799d5c65edcbd0
  languageName: node
  linkType: hard

"wordwrap@npm:0.0.2":
  version: 0.0.2
  resolution: "wordwrap@npm:0.0.2"
  checksum: 1152eb7f04c3771df4fd8ea817e3945586f6be2e906cd7d95e60248e136a7f506c911cc738f963b7b18f74c215d7fe61f5b276fc82c3cee930abfc61a215afec
  languageName: node
  linkType: hard

"yargs@npm:~3.10.0":
  version: 3.10.0
  resolution: "yargs@npm:3.10.0"
  dependencies:
    camelcase: "npm:^1.0.2"
    cliui: "npm:^2.1.0"
    decamelize: "npm:^1.0.0"
    window-size: "npm:0.1.0"
  checksum: 73fd1978a311c853ae4c2c2da12642878912a33e4a8e9e8fec00900dc3b5db31a334c337cff04a542ebba7a32f64a9330419ba45249002f45f349a5d41010cab
  languageName: node
  linkType: hard

"yauzl@npm:2.4.1":
  version: 2.4.1
  resolution: "yauzl@npm:2.4.1"
  dependencies:
    fd-slicer: "npm:~1.0.1"
  checksum: 7ce67c296c777d0713cac88aff66d7b2101aef7077df293c556007670507c8ce44303cb4fcbc334dfd29b0720b45f2d8468f52b49710d101b2f5fef664d0fb22
  languageName: node
  linkType: hard
